// !$*UTF8*$!
{
	archiveVersion = 1;
	classes = {
	};
	objectVersion = 50;
	objects = {

/* Begin PBXBuildFile section */
		1158CEB121CA74E400BFA724 /* AppDelegate.m in Sources */ = {isa = PBXBuildFile; fileRef = 1158CEB021CA74E400BFA724 /* AppDelegate.m */; };
		1158CEB421CA74E400BFA724 /* ViewController.m in Sources */ = {isa = PBXBuildFile; fileRef = 1158CEB321CA74E400BFA724 /* ViewController.m */; };
		1158CEB721CA74E400BFA724 /* Main.storyboard in Resources */ = {isa = PBXBuildFile; fileRef = 1158CEB521CA74E400BFA724 /* Main.storyboard */; };
		1158CEB921CA74E700BFA724 /* Assets.xcassets in Resources */ = {isa = PBXBuildFile; fileRef = 1158CEB821CA74E700BFA724 /* Assets.xcassets */; };
		1158CEBC21CA74E700BFA724 /* LaunchScreen.storyboard in Resources */ = {isa = PBXBuildFile; fileRef = 1158CEBA21CA74E700BFA724 /* LaunchScreen.storyboard */; };
		1158CEBF21CA74E700BFA724 /* main.m in Sources */ = {isa = PBXBuildFile; fileRef = 1158CEBE21CA74E700BFA724 /* main.m */; };
		1158CECA21CA753200BFA724 /* Student.m in Sources */ = {isa = PBXBuildFile; fileRef = 1158CEC921CA753200BFA724 /* Student.m */; };
		1158CECE21CA758300BFA724 /* Person.m in Sources */ = {isa = PBXBuildFile; fileRef = 1158CECD21CA758300BFA724 /* Person.m */; };
		1158CED121CA75A500BFA724 /* Person+Load.m in Sources */ = {isa = PBXBuildFile; fileRef = 1158CED021CA75A500BFA724 /* Person+Load.m */; };
		1158CED721CA790E00BFA724 /* Person+Load_1.m in Sources */ = {isa = PBXBuildFile; fileRef = 1158CED621CA790E00BFA724 /* Person+Load_1.m */; };
		1158CEDA21CA7A3600BFA724 /* Student+Load.m in Sources */ = {isa = PBXBuildFile; fileRef = 1158CED921CA7A3600BFA724 /* Student+Load.m */; };
		1158CEDD21CA7F7600BFA724 /* Student+Load_1.m in Sources */ = {isa = PBXBuildFile; fileRef = 1158CEDC21CA7F7600BFA724 /* Student+Load_1.m */; };
/* End PBXBuildFile section */

/* Begin PBXFileReference section */
		1158CEAC21CA74E400BFA724 /* LoadTest.app */ = {isa = PBXFileReference; explicitFileType = wrapper.application; includeInIndex = 0; path = LoadTest.app; sourceTree = BUILT_PRODUCTS_DIR; };
		1158CEAF21CA74E400BFA724 /* AppDelegate.h */ = {isa = PBXFileReference; lastKnownFileType = sourcecode.c.h; path = AppDelegate.h; sourceTree = "<group>"; };
		1158CEB021CA74E400BFA724 /* AppDelegate.m */ = {isa = PBXFileReference; lastKnownFileType = sourcecode.c.objc; path = AppDelegate.m; sourceTree = "<group>"; };
		1158CEB221CA74E400BFA724 /* ViewController.h */ = {isa = PBXFileReference; lastKnownFileType = sourcecode.c.h; path = ViewController.h; sourceTree = "<group>"; };
		1158CEB321CA74E400BFA724 /* ViewController.m */ = {isa = PBXFileReference; lastKnownFileType = sourcecode.c.objc; path = ViewController.m; sourceTree = "<group>"; };
		1158CEB621CA74E400BFA724 /* Base */ = {isa = PBXFileReference; lastKnownFileType = file.storyboard; name = Base; path = Base.lproj/Main.storyboard; sourceTree = "<group>"; };
		1158CEB821CA74E700BFA724 /* Assets.xcassets */ = {isa = PBXFileReference; lastKnownFileType = folder.assetcatalog; path = Assets.xcassets; sourceTree = "<group>"; };
		1158CEBB21CA74E700BFA724 /* Base */ = {isa = PBXFileReference; lastKnownFileType = file.storyboard; name = Base; path = Base.lproj/LaunchScreen.storyboard; sourceTree = "<group>"; };
		1158CEBD21CA74E700BFA724 /* Info.plist */ = {isa = PBXFileReference; lastKnownFileType = text.plist.xml; path = Info.plist; sourceTree = "<group>"; };
		1158CEBE21CA74E700BFA724 /* main.m */ = {isa = PBXFileReference; lastKnownFileType = sourcecode.c.objc; path = main.m; sourceTree = "<group>"; };
		1158CEC821CA753200BFA724 /* Student.h */ = {isa = PBXFileReference; lastKnownFileType = sourcecode.c.h; path = Student.h; sourceTree = "<group>"; };
		1158CEC921CA753200BFA724 /* Student.m */ = {isa = PBXFileReference; lastKnownFileType = sourcecode.c.objc; path = Student.m; sourceTree = "<group>"; };
		1158CECC21CA758300BFA724 /* Person.h */ = {isa = PBXFileReference; lastKnownFileType = sourcecode.c.h; path = Person.h; sourceTree = "<group>"; };
		1158CECD21CA758300BFA724 /* Person.m */ = {isa = PBXFileReference; lastKnownFileType = sourcecode.c.objc; path = Person.m; sourceTree = "<group>"; };
		1158CECF21CA75A500BFA724 /* Person+Load.h */ = {isa = PBXFileReference; lastKnownFileType = sourcecode.c.h; path = "Person+Load.h"; sourceTree = "<group>"; };
		1158CED021CA75A500BFA724 /* Person+Load.m */ = {isa = PBXFileReference; lastKnownFileType = sourcecode.c.objc; path = "Person+Load.m"; sourceTree = "<group>"; };
		1158CED521CA790E00BFA724 /* Person+Load_1.h */ = {isa = PBXFileReference; lastKnownFileType = sourcecode.c.h; path = "Person+Load_1.h"; sourceTree = "<group>"; };
		1158CED621CA790E00BFA724 /* Person+Load_1.m */ = {isa = PBXFileReference; lastKnownFileType = sourcecode.c.objc; path = "Person+Load_1.m"; sourceTree = "<group>"; };
		1158CED821CA7A3600BFA724 /* Student+Load.h */ = {isa = PBXFileReference; lastKnownFileType = sourcecode.c.h; path = "Student+Load.h"; sourceTree = "<group>"; };
		1158CED921CA7A3600BFA724 /* Student+Load.m */ = {isa = PBXFileReference; lastKnownFileType = sourcecode.c.objc; path = "Student+Load.m"; sourceTree = "<group>"; };
		1158CEDB21CA7F7600BFA724 /* Student+Load_1.h */ = {isa = PBXFileReference; lastKnownFileType = sourcecode.c.h; path = "Student+Load_1.h"; sourceTree = "<group>"; };
		1158CEDC21CA7F7600BFA724 /* Student+Load_1.m */ = {isa = PBXFileReference; lastKnownFileType = sourcecode.c.objc; path = "Student+Load_1.m"; sourceTree = "<group>"; };
/* End PBXFileReference section */

/* Begin PBXFrameworksBuildPhase section */
		1158CEA921CA74E400BFA724 /* Frameworks */ = {
			isa = PBXFrameworksBuildPhase;
			buildActionMask = 2147483647;
			files = (
			);
			runOnlyForDeploymentPostprocessing = 0;
		};
/* End PBXFrameworksBuildPhase section */

/* Begin PBXGroup section */
		1158CEA321CA74E400BFA724 = {
			isa = PBXGroup;
			children = (
				1158CEAE21CA74E400BFA724 /* LoadTest */,
				1158CEAD21CA74E400BFA724 /* Products */,
			);
			sourceTree = "<group>";
		};
		1158CEAD21CA74E400BFA724 /* Products */ = {
			isa = PBXGroup;
			children = (
				1158CEAC21CA74E400BFA724 /* LoadTest.app */,
			);
			name = Products;
			sourceTree = "<group>";
		};
		1158CEAE21CA74E400BFA724 /* LoadTest */ = {
			isa = PBXGroup;
			children = (
				1158CECB21CA753D00BFA724 /* classes */,
				1158CEAF21CA74E400BFA724 /* AppDelegate.h */,
				1158CEB021CA74E400BFA724 /* AppDelegate.m */,
				1158CEB221CA74E400BFA724 /* ViewController.h */,
				1158CEB321CA74E400BFA724 /* ViewController.m */,
				1158CEB521CA74E400BFA724 /* Main.storyboard */,
				1158CEB821CA74E700BFA724 /* Assets.xcassets */,
				1158CEBA21CA74E700BFA724 /* LaunchScreen.storyboard */,
				1158CEBD21CA74E700BFA724 /* Info.plist */,
				1158CEBE21CA74E700BFA724 /* main.m */,
			);
			path = LoadTest;
			sourceTree = "<group>";
		};
		1158CECB21CA753D00BFA724 /* classes */ = {
			isa = PBXGroup;
			children = (
				1158CEC821CA753200BFA724 /* Student.h */,
				1158CEC921CA753200BFA724 /* Student.m */,
				1158CECC21CA758300BFA724 /* Person.h */,
				1158CECD21CA758300BFA724 /* Person.m */,
				1158CECF21CA75A500BFA724 /* Person+Load.h */,
				1158CED021CA75A500BFA724 /* Person+Load.m */,
				1158CED521CA790E00BFA724 /* Person+Load_1.h */,
				1158CED621CA790E00BFA724 /* Person+Load_1.m */,
				1158CED821CA7A3600BFA724 /* Student+Load.h */,
				1158CED921CA7A3600BFA724 /* Student+Load.m */,
				1158CEDB21CA7F7600BFA724 /* Student+Load_1.h */,
				1158CEDC21CA7F7600BFA724 /* Student+Load_1.m */,
			);
			path = classes;
			sourceTree = "<group>";
		};
/* End PBXGroup section */

/* Begin PBXNativeTarget section */
		1158CEAB21CA74E400BFA724 /* LoadTest */ = {
			isa = PBXNativeTarget;
			buildConfigurationList = 1158CEC221CA74E700BFA724 /* Build configuration list for PBXNativeTarget "LoadTest" */;
			buildPhases = (
				1158CEA821CA74E400BFA724 /* Sources */,
				1158CEA921CA74E400BFA724 /* Frameworks */,
				1158CEAA21CA74E400BFA724 /* Resources */,
			);
			buildRules = (
			);
			dependencies = (
			);
			name = LoadTest;
			productName = LoadTest;
			productReference = 1158CEAC21CA74E400BFA724 /* LoadTest.app */;
			productType = "com.apple.product-type.application";
		};
/* End PBXNativeTarget section */

/* Begin PBXProject section */
		1158CEA421CA74E400BFA724 /* Project object */ = {
			isa = PBXProject;
			attributes = {
				LastUpgradeCheck = 1010;
				ORGANIZATIONNAME = "姚晓丙";
				TargetAttributes = {
					1158CEAB21CA74E400BFA724 = {
						CreatedOnToolsVersion = 10.1;
					};
				};
			};
			buildConfigurationList = 1158CEA721CA74E400BFA724 /* Build configuration list for PBXProject "LoadTest" */;
			compatibilityVersion = "Xcode 9.3";
			developmentRegion = en;
			hasScannedForEncodings = 0;
			knownRegions = (
				en,
				Base,
			);
			mainGroup = 1158CEA321CA74E400BFA724;
			productRefGroup = 1158CEAD21CA74E400BFA724 /* Products */;
			projectDirPath = "";
			projectRoot = "";
			targets = (
				1158CEAB21CA74E400BFA724 /* LoadTest */,
			);
		};
/* End PBXProject section */

/* Begin PBXResourcesBuildPhase section */
		1158CEAA21CA74E400BFA724 /* Resources */ = {
			isa = PBXResourcesBuildPhase;
			buildActionMask = 2147483647;
			files = (
				1158CEBC21CA74E700BFA724 /* LaunchScreen.storyboard in Resources */,
				1158CEB921CA74E700BFA724 /* Assets.xcassets in Resources */,
				1158CEB721CA74E400BFA724 /* Main.storyboard in Resources */,
			);
			runOnlyForDeploymentPostprocessing = 0;
		};
/* End PBXResourcesBuildPhase section */

/* Begin PBXSourcesBuildPhase section */
		1158CEA821CA74E400BFA724 /* Sources */ = {
			isa = PBXSourcesBuildPhase;
			buildActionMask = 2147483647;
			files = (
				1158CEDD21CA7F7600BFA724 /* Student+Load_1.m in Sources */,
				1158CED121CA75A500BFA724 /* Person+Load.m in Sources */,
				1158CED721CA790E00BFA724 /* Person+Load_1.m in Sources */,
				1158CEB421CA74E400BFA724 /* ViewController.m in Sources */,
				1158CEDA21CA7A3600BFA724 /* Student+Load.m in Sources */,
				1158CEBF21CA74E700BFA724 /* main.m in Sources */,
				1158CECE21CA758300BFA724 /* Person.m in Sources */,
				1158CECA21CA753200BFA724 /* Student.m in Sources */,
				1158CEB121CA74E400BFA724 /* AppDelegate.m in Sources */,
			);
			runOnlyForDeploymentPostprocessing = 0;
		};
/* End PBXSourcesBuildPhase section */

/* Begin PBXVariantGroup section */
		1158CEB521CA74E400BFA724 /* Main.storyboard */ = {
			isa = PBXVariantGroup;
			children = (
				1158CEB621CA74E400BFA724 /* Base */,
			);
			name = Main.storyboard;
			sourceTree = "<group>";
		};
		1158CEBA21CA74E700BFA724 /* LaunchScreen.storyboard */ = {
			isa = PBXVariantGroup;
			children = (
				1158CEBB21CA74E700BFA724 /* Base */,
			);
			name = LaunchScreen.storyboard;
			sourceTree = "<group>";
		};
/* End PBXVariantGroup section */

/* Begin XCBuildConfiguration section */
		1158CEC021CA74E700BFA724 /* Debug */ = {
			isa = XCBuildConfiguration;
			buildSettings = {
				ALWAYS_SEARCH_USER_PATHS = NO;
				CLANG_ANALYZER_NONNULL = YES;
				CLANG_ANALYZER_NUMBER_OBJECT_CONVERSION = YES_AGGRESSIVE;
				CLANG_CXX_LANGUAGE_STANDARD = "gnu++14";
				CLANG_CXX_LIBRARY = "libc++";
				CLANG_ENABLE_MODULES = YES;
				CLANG_ENABLE_OBJC_ARC = YES;
				CLANG_ENABLE_OBJC_WEAK = YES;
				CLANG_WARN_BLOCK_CAPTURE_AUTORELEASING = YES;
				CLANG_WARN_BOOL_CONVERSION = YES;
				CLANG_WARN_COMMA = YES;
				CLANG_WARN_CONSTANT_CONVERSION = YES;
				CLANG_WARN_DEPRECATED_OBJC_IMPLEMENTATIONS = YES;
				CLANG_WARN_DIRECT_OBJC_ISA_USAGE = YES_ERROR;
				CLANG_WARN_DOCUMENTATION_COMMENTS = YES;
				CLANG_WARN_EMPTY_BODY = YES;
				CLANG_WARN_ENUM_CONVERSION = YES;
				CLANG_WARN_INFINITE_RECURSION = YES;
				CLANG_WARN_INT_CONVERSION = YES;
				CLANG_WARN_NON_LITERAL_NULL_CONVERSION = YES;
				CLANG_WARN_OBJC_IMPLICIT_RETAIN_SELF = YES;
				CLANG_WARN_OBJC_LITERAL_CONVERSION = YES;
				CLANG_WARN_OBJC_ROOT_CLASS = YES_ERROR;
				CLANG_WARN_RANGE_LOOP_ANALYSIS = YES;
				CLANG_WARN_STRICT_PROTOTYPES = YES;
				CLANG_WARN_SUSPICIOUS_MOVE = YES;
				CLANG_WARN_UNGUARDED_AVAILABILITY = YES_AGGRESSIVE;
				CLANG_WARN_UNREACHABLE_CODE = YES;
				CLANG_WARN__DUPLICATE_METHOD_MATCH = YES;
				CODE_SIGN_IDENTITY = "iPhone Developer";
				COPY_PHASE_STRIP = NO;
				DEBUG_INFORMATION_FORMAT = dwarf;
				ENABLE_STRICT_OBJC_MSGSEND = YES;
				ENABLE_TESTABILITY = YES;
				GCC_C_LANGUAGE_STANDARD = gnu11;
				GCC_DYNAMIC_NO_PIC = NO;
				GCC_NO_COMMON_BLOCKS = YES;
				GCC_OPTIMIZATION_LEVEL = 0;
				GCC_PREPROCESSOR_DEFINITIONS = (
					"DEBUG=1",
					"$(inherited)",
				);
				GCC_WARN_64_TO_32_BIT_CONVERSION = YES;
				GCC_WARN_ABOUT_RETURN_TYPE = YES_ERROR;
				GCC_WARN_UNDECLARED_SELECTOR = YES;
				GCC_WARN_UNINITIALIZED_AUTOS = YES_AGGRESSIVE;
				GCC_WARN_UNUSED_FUNCTION = YES;
				GCC_WARN_UNUSED_VARIABLE = YES;
				IPHONEOS_DEPLOYMENT_TARGET = 12.1;
				MTL_ENABLE_DEBUG_INFO = INCLUDE_SOURCE;
				MTL_FAST_MATH = YES;
				ONLY_ACTIVE_ARCH = YES;
				SDKROOT = iphoneos;
			};
			name = Debug;
		};
		1158CEC121CA74E700BFA724 /* Release */ = {
			isa = XCBuildConfiguration;
			buildSettings = {
				ALWAYS_SEARCH_USER_PATHS = NO;
				CLANG_ANALYZER_NONNULL = YES;
				CLANG_ANALYZER_NUMBER_OBJECT_CONVERSION = YES_AGGRESSIVE;
				CLANG_CXX_LANGUAGE_STANDARD = "gnu++14";
				CLANG_CXX_LIBRARY = "libc++";
				CLANG_ENABLE_MODULES = YES;
				CLANG_ENABLE_OBJC_ARC = YES;
				CLANG_ENABLE_OBJC_WEAK = YES;
				CLANG_WARN_BLOCK_CAPTURE_AUTORELEASING = YES;
				CLANG_WARN_BOOL_CONVERSION = YES;
				CLANG_WARN_COMMA = YES;
				CLANG_WARN_CONSTANT_CONVERSION = YES;
				CLANG_WARN_DEPRECATED_OBJC_IMPLEMENTATIONS = YES;
				CLANG_WARN_DIRECT_OBJC_ISA_USAGE = YES_ERROR;
				CLANG_WARN_DOCUMENTATION_COMMENTS = YES;
				CLANG_WARN_EMPTY_BODY = YES;
				CLANG_WARN_ENUM_CONVERSION = YES;
				CLANG_WARN_INFINITE_RECURSION = YES;
				CLANG_WARN_INT_CONVERSION = YES;
				CLANG_WARN_NON_LITERAL_NULL_CONVERSION = YES;
				CLANG_WARN_OBJC_IMPLICIT_RETAIN_SELF = YES;
				CLANG_WARN_OBJC_LITERAL_CONVERSION = YES;
				CLANG_WARN_OBJC_ROOT_CLASS = YES_ERROR;
				CLANG_WARN_RANGE_LOOP_ANALYSIS = YES;
				CLANG_WARN_STRICT_PROTOTYPES = YES;
				CLANG_WARN_SUSPICIOUS_MOVE = YES;
				CLANG_WARN_UNGUARDED_AVAILABILITY = YES_AGGRESSIVE;
				CLANG_WARN_UNREACHABLE_CODE = YES;
				CLANG_WARN__DUPLICATE_METHOD_MATCH = YES;
				CODE_SIGN_IDENTITY = "iPhone Developer";
				COPY_PHASE_STRIP = NO;
				DEBUG_INFORMATION_FORMAT = "dwarf-with-dsym";
				ENABLE_NS_ASSERTIONS = NO;
				ENABLE_STRICT_OBJC_MSGSEND = YES;
				GCC_C_LANGUAGE_STANDARD = gnu11;
				GCC_NO_COMMON_BLOCKS = YES;
				GCC_WARN_64_TO_32_BIT_CONVERSION = YES;
				GCC_WARN_ABOUT_RETURN_TYPE = YES_ERROR;
				GCC_WARN_UNDECLARED_SELECTOR = YES;
				GCC_WARN_UNINITIALIZED_AUTOS = YES_AGGRESSIVE;
				GCC_WARN_UNUSED_FUNCTION = YES;
				GCC_WARN_UNUSED_VARIABLE = YES;
				IPHONEOS_DEPLOYMENT_TARGET = 12.1;
				MTL_ENABLE_DEBUG_INFO = NO;
				MTL_FAST_MATH = YES;
				SDKROOT = iphoneos;
				VALIDATE_PRODUCT = YES;
			};
			name = Release;
		};
		1158CEC321CA74E700BFA724 /* Debug */ = {
			isa = XCBuildConfiguration;
			buildSettings = {
				ASSETCATALOG_COMPILER_APPICON_NAME = AppIcon;
				CODE_SIGN_STYLE = Automatic;
				INFOPLIST_FILE = LoadTest/Info.plist;
				LD_RUNPATH_SEARCH_PATHS = (
					"$(inherited)",
					"@executable_path/Frameworks",
				);
				PRODUCT_BUNDLE_IDENTIFIER = com.bing.LoadTest;
				PRODUCT_NAME = "$(TARGET_NAME)";
				TARGETED_DEVICE_FAMILY = "1,2";
			};
			name = Debug;
		};
		1158CEC421CA74E700BFA724 /* Release */ = {
			isa = XCBuildConfiguration;
			buildSettings = {
				ASSETCATALOG_COMPILER_APPICON_NAME = AppIcon;
				CODE_SIGN_STYLE = Automatic;
				INFOPLIST_FILE = LoadTest/Info.plist;
				LD_RUNPATH_SEARCH_PATHS = (
					"$(inherited)",
					"@executable_path/Frameworks",
				);
				PRODUCT_BUNDLE_IDENTIFIER = com.bing.LoadTest;
				PRODUCT_NAME = "$(TARGET_NAME)";
				TARGETED_DEVICE_FAMILY = "1,2";
			};
			name = Release;
		};
/* End XCBuildConfiguration section */

/* Begin XCConfigurationList section */
		1158CEA721CA74E400BFA724 /* Build configuration list for PBXProject "LoadTest" */ = {
			isa = XCConfigurationList;
			buildConfigurations = (
				1158CEC021CA74E700BFA724 /* Debug */,
				1158CEC121CA74E700BFA724 /* Release */,
			);
			defaultConfigurationIsVisible = 0;
			defaultConfigurationName = Release;
		};
		1158CEC221CA74E700BFA724 /* Build configuration list for PBXNativeTarget "LoadTest" */ = {
			isa = XCConfigurationList;
			buildConfigurations = (
				1158CEC321CA74E700BFA724 /* Debug */,
				1158CEC421CA74E700BFA724 /* Release */,
			);
			defaultConfigurationIsVisible = 0;
			defaultConfigurationName = Release;
		};
/* End XCConfigurationList section */
	};
	rootObject = 1158CEA421CA74E400BFA724 /* Project object */;
}
